// !$*UTF8*$!
{
	archiveVersion = 1;
	classes = {
	};
	objectVersion = 55;
	objects = {

/* Begin PBXBuildFile section */
		A9AD2D40299CB8E000E12142 /* FetchSenSingDataController.swift in Sources */ = {isa = PBXBuildFile; fileRef = A9AD2D3F299CB8E000E12142 /* FetchSenSingDataController.swift */; };
		A9B6F55B29922EAA000A9A43 /* AppDelegate.swift in Sources */ = {isa = PBXBuildFile; fileRef = A9B6F55A29922EAA000A9A43 /* AppDelegate.swift */; };
		A9B6F55D29922EAA000A9A43 /* SceneDelegate.swift in Sources */ = {isa = PBXBuildFile; fileRef = A9B6F55C29922EAA000A9A43 /* SceneDelegate.swift */; };
		A9B6F55F29922EAA000A9A43 /* ViewController.swift in Sources */ = {isa = PBXBuildFile; fileRef = A9B6F55E29922EAA000A9A43 /* ViewController.swift */; };
		A9B6F56229922EAA000A9A43 /* Main.storyboard in Resources */ = {isa = PBXBuildFile; fileRef = A9B6F56029922EAA000A9A43 /* Main.storyboard */; };
		A9B6F56429922EAC000A9A43 /* Assets.xcassets in Resources */ = {isa = PBXBuildFile; fileRef = A9B6F56329922EAC000A9A43 /* Assets.xcassets */; };
		A9B6F56729922EAC000A9A43 /* LaunchScreen.storyboard in Resources */ = {isa = PBXBuildFile; fileRef = A9B6F56529922EAC000A9A43 /* LaunchScreen.storyboard */; };
		A9B6F57529922F80000A9A43 /* ScanSensorViewController.swift in Sources */ = {isa = PBXBuildFile; fileRef = A9B6F57429922F80000A9A43 /* ScanSensorViewController.swift */; };
		A9B6F5772992302A000A9A43 /* Extension.swift in Sources */ = {isa = PBXBuildFile; fileRef = A9B6F5762992302A000A9A43 /* Extension.swift */; };
		A9B6F57929923519000A9A43 /* BluetoothSerial.swift in Sources */ = {isa = PBXBuildFile; fileRef = A9B6F57829923519000A9A43 /* BluetoothSerial.swift */; };
		A9B6F57C2992384A000A9A43 /* ScanTableViewCell.swift in Sources */ = {isa = PBXBuildFile; fileRef = A9B6F57B2992384A000A9A43 /* ScanTableViewCell.swift */; };
		A9CAD5162993517E006FD23C /* FirstviewController.swift in Sources */ = {isa = PBXBuildFile; fileRef = A9CAD5152993517E006FD23C /* FirstviewController.swift */; };
		A9CAD51829935EB4006FD23C /* Utilites.swift in Sources */ = {isa = PBXBuildFile; fileRef = A9CAD51729935EB4006FD23C /* Utilites.swift */; };
		A9CAD51A299387A6006FD23C /* Peripheral_Controller.swift in Sources */ = {isa = PBXBuildFile; fileRef = A9CAD519299387A6006FD23C /* Peripheral_Controller.swift */; };
		A9CAD51C2993937A006FD23C /* BleInfo.swift in Sources */ = {isa = PBXBuildFile; fileRef = A9CAD51B2993937A006FD23C /* BleInfo.swift */; };
		A9CAD51E299393BC006FD23C /* SensorStatusInfo.swift in Sources */ = {isa = PBXBuildFile; fileRef = A9CAD51D299393BC006FD23C /* SensorStatusInfo.swift */; };
		A9CAD520299395F1006FD23C /* Configure.swift in Sources */ = {isa = PBXBuildFile; fileRef = A9CAD51F299395F1006FD23C /* Configure.swift */; };
/* End PBXBuildFile section */

/* Begin PBXFileReference section */
		A9AD2D3F299CB8E000E12142 /* FetchSenSingDataController.swift */ = {isa = PBXFileReference; lastKnownFileType = sourcecode.swift; path = FetchSenSingDataController.swift; sourceTree = "<group>"; };
		A9B6F55729922EAA000A9A43 /* AccelerationUsingBLE.app */ = {isa = PBXFileReference; explicitFileType = wrapper.application; includeInIndex = 0; path = AccelerationUsingBLE.app; sourceTree = BUILT_PRODUCTS_DIR; };
		A9B6F55A29922EAA000A9A43 /* AppDelegate.swift */ = {isa = PBXFileReference; lastKnownFileType = sourcecode.swift; path = AppDelegate.swift; sourceTree = "<group>"; };
		A9B6F55C29922EAA000A9A43 /* SceneDelegate.swift */ = {isa = PBXFileReference; lastKnownFileType = sourcecode.swift; path = SceneDelegate.swift; sourceTree = "<group>"; };
		A9B6F55E29922EAA000A9A43 /* ViewController.swift */ = {isa = PBXFileReference; lastKnownFileType = sourcecode.swift; path = ViewController.swift; sourceTree = "<group>"; };
		A9B6F56129922EAA000A9A43 /* Base */ = {isa = PBXFileReference; lastKnownFileType = file.storyboard; name = Base; path = Base.lproj/Main.storyboard; sourceTree = "<group>"; };
		A9B6F56329922EAC000A9A43 /* Assets.xcassets */ = {isa = PBXFileReference; lastKnownFileType = folder.assetcatalog; path = Assets.xcassets; sourceTree = "<group>"; };
		A9B6F56629922EAC000A9A43 /* Base */ = {isa = PBXFileReference; lastKnownFileType = file.storyboard; name = Base; path = Base.lproj/LaunchScreen.storyboard; sourceTree = "<group>"; };
		A9B6F56829922EAC000A9A43 /* Info.plist */ = {isa = PBXFileReference; lastKnownFileType = text.plist.xml; path = Info.plist; sourceTree = "<group>"; };
		A9B6F57429922F80000A9A43 /* ScanSensorViewController.swift */ = {isa = PBXFileReference; lastKnownFileType = sourcecode.swift; path = ScanSensorViewController.swift; sourceTree = "<group>"; };
		A9B6F5762992302A000A9A43 /* Extension.swift */ = {isa = PBXFileReference; lastKnownFileType = sourcecode.swift; path = Extension.swift; sourceTree = "<group>"; };
		A9B6F57829923519000A9A43 /* BluetoothSerial.swift */ = {isa = PBXFileReference; lastKnownFileType = sourcecode.swift; path = BluetoothSerial.swift; sourceTree = "<group>"; };
		A9B6F57B2992384A000A9A43 /* ScanTableViewCell.swift */ = {isa = PBXFileReference; lastKnownFileType = sourcecode.swift; path = ScanTableViewCell.swift; sourceTree = "<group>"; };
		A9CAD5152993517E006FD23C /* FirstviewController.swift */ = {isa = PBXFileReference; lastKnownFileType = sourcecode.swift; path = FirstviewController.swift; sourceTree = "<group>"; };
		A9CAD51729935EB4006FD23C /* Utilites.swift */ = {isa = PBXFileReference; lastKnownFileType = sourcecode.swift; path = Utilites.swift; sourceTree = "<group>"; };
		A9CAD519299387A6006FD23C /* Peripheral_Controller.swift */ = {isa = PBXFileReference; lastKnownFileType = sourcecode.swift; path = Peripheral_Controller.swift; sourceTree = "<group>"; };
		A9CAD51B2993937A006FD23C /* BleInfo.swift */ = {isa = PBXFileReference; lastKnownFileType = sourcecode.swift; path = BleInfo.swift; sourceTree = "<group>"; };
		A9CAD51D299393BC006FD23C /* SensorStatusInfo.swift */ = {isa = PBXFileReference; lastKnownFileType = sourcecode.swift; path = SensorStatusInfo.swift; sourceTree = "<group>"; };
		A9CAD51F299395F1006FD23C /* Configure.swift */ = {isa = PBXFileReference; lastKnownFileType = sourcecode.swift; path = Configure.swift; sourceTree = "<group>"; };
/* End PBXFileReference section */

/* Begin PBXFrameworksBuildPhase section */
		A9B6F55429922EAA000A9A43 /* Frameworks */ = {
			isa = PBXFrameworksBuildPhase;
			buildActionMask = 2147483647;
			files = (
			);
			runOnlyForDeploymentPostprocessing = 0;
		};
/* End PBXFrameworksBuildPhase section */

/* Begin PBXGroup section */
		A9B6F54E29922EAA000A9A43 = {
			isa = PBXGroup;
			children = (
				A9B6F55929922EAA000A9A43 /* AccelerationUsingBLE */,
				A9B6F55829922EAA000A9A43 /* Products */,
			);
			sourceTree = "<group>";
		};
		A9B6F55829922EAA000A9A43 /* Products */ = {
			isa = PBXGroup;
			children = (
				A9B6F55729922EAA000A9A43 /* AccelerationUsingBLE.app */,
			);
			name = Products;
			sourceTree = "<group>";
		};
		A9B6F55929922EAA000A9A43 /* AccelerationUsingBLE */ = {
			isa = PBXGroup;
			children = (
				A9B6F57329922F3A000A9A43 /* API */,
				A9B6F57229922F32000A9A43 /* Uitils */,
				A9B6F57129922F2C000A9A43 /* ViewModel */,
				A9B6F57029922F29000A9A43 /* View */,
				A9B6F56F29922F23000A9A43 /* Controller */,
				A9B6F56E29922F1E000A9A43 /* Model */,
				A9B6F55A29922EAA000A9A43 /* AppDelegate.swift */,
				A9B6F55C29922EAA000A9A43 /* SceneDelegate.swift */,
				A9B6F55E29922EAA000A9A43 /* ViewController.swift */,
				A9B6F56029922EAA000A9A43 /* Main.storyboard */,
				A9B6F56329922EAC000A9A43 /* Assets.xcassets */,
				A9B6F56529922EAC000A9A43 /* LaunchScreen.storyboard */,
				A9B6F56829922EAC000A9A43 /* Info.plist */,
			);
			path = AccelerationUsingBLE;
			sourceTree = "<group>";
		};
		A9B6F56E29922F1E000A9A43 /* Model */ = {
			isa = PBXGroup;
			children = (
			);
			path = Model;
			sourceTree = "<group>";
		};
		A9B6F56F29922F23000A9A43 /* Controller */ = {
			isa = PBXGroup;
			children = (
				A9CAD5152993517E006FD23C /* FirstviewController.swift */,
				A9B6F57429922F80000A9A43 /* ScanSensorViewController.swift */,
				A9AD2D3F299CB8E000E12142 /* FetchSenSingDataController.swift */,
			);
			path = Controller;
			sourceTree = "<group>";
		};
		A9B6F57029922F29000A9A43 /* View */ = {
			isa = PBXGroup;
			children = (
				A9B6F57B2992384A000A9A43 /* ScanTableViewCell.swift */,
			);
			path = View;
			sourceTree = "<group>";
		};
		A9B6F57129922F2C000A9A43 /* ViewModel */ = {
			isa = PBXGroup;
			children = (
			);
			path = ViewModel;
			sourceTree = "<group>";
		};
		A9B6F57229922F32000A9A43 /* Uitils */ = {
			isa = PBXGroup;
			children = (
				A9B6F57A2992351D000A9A43 /* Bluetooth */,
				A9B6F5762992302A000A9A43 /* Extension.swift */,
				A9CAD51729935EB4006FD23C /* Utilites.swift */,
				A9CAD51F299395F1006FD23C /* Configure.swift */,
			);
			path = Uitils;
			sourceTree = "<group>";
		};
		A9B6F57329922F3A000A9A43 /* API */ = {
			isa = PBXGroup;
			children = (
			);
			path = API;
			sourceTree = "<group>";
		};
		A9B6F57A2992351D000A9A43 /* Bluetooth */ = {
			isa = PBXGroup;
			children = (
				A9B6F57829923519000A9A43 /* BluetoothSerial.swift */,
				A9CAD519299387A6006FD23C /* Peripheral_Controller.swift */,
				A9CAD51B2993937A006FD23C /* BleInfo.swift */,
				A9CAD51D299393BC006FD23C /* SensorStatusInfo.swift */,
			);
			path = Bluetooth;
			sourceTree = "<group>";
		};
/* End PBXGroup section */

/* Begin PBXNativeTarget section */
		A9B6F55629922EAA000A9A43 /* AccelerationUsingBLE */ = {
			isa = PBXNativeTarget;
			buildConfigurationList = A9B6F56B29922EAC000A9A43 /* Build configuration list for PBXNativeTarget "AccelerationUsingBLE" */;
			buildPhases = (
				A9B6F55329922EAA000A9A43 /* Sources */,
				A9B6F55429922EAA000A9A43 /* Frameworks */,
				A9B6F55529922EAA000A9A43 /* Resources */,
			);
			buildRules = (
			);
			dependencies = (
			);
			name = AccelerationUsingBLE;
			productName = AccelerationUsingBLE;
			productReference = A9B6F55729922EAA000A9A43 /* AccelerationUsingBLE.app */;
			productType = "com.apple.product-type.application";
		};
/* End PBXNativeTarget section */

/* Begin PBXProject section */
		A9B6F54F29922EAA000A9A43 /* Project object */ = {
			isa = PBXProject;
			attributes = {
				BuildIndependentTargetsInParallel = 1;
				LastSwiftUpdateCheck = 1340;
				LastUpgradeCheck = 1340;
				TargetAttributes = {
					A9B6F55629922EAA000A9A43 = {
						CreatedOnToolsVersion = 13.4.1;
					};
				};
			};
			buildConfigurationList = A9B6F55229922EAA000A9A43 /* Build configuration list for PBXProject "AccelerationUsingBLE" */;
			compatibilityVersion = "Xcode 13.0";
			developmentRegion = en;
			hasScannedForEncodings = 0;
			knownRegions = (
				en,
				Base,
			);
			mainGroup = A9B6F54E29922EAA000A9A43;
			productRefGroup = A9B6F55829922EAA000A9A43 /* Products */;
			projectDirPath = "";
			projectRoot = "";
			targets = (
				A9B6F55629922EAA000A9A43 /* AccelerationUsingBLE */,
			);
		};
/* End PBXProject section */

/* Begin PBXResourcesBuildPhase section */
		A9B6F55529922EAA000A9A43 /* Resources */ = {
			isa = PBXResourcesBuildPhase;
			buildActionMask = 2147483647;
			files = (
				A9B6F56729922EAC000A9A43 /* LaunchScreen.storyboard in Resources */,
				A9B6F56429922EAC000A9A43 /* Assets.xcassets in Resources */,
				A9B6F56229922EAA000A9A43 /* Main.storyboard in Resources */,
			);
			runOnlyForDeploymentPostprocessing = 0;
		};
/* End PBXResourcesBuildPhase section */

/* Begin PBXSourcesBuildPhase section */
		A9B6F55329922EAA000A9A43 /* Sources */ = {
			isa = PBXSourcesBuildPhase;
			buildActionMask = 2147483647;
			files = (
				A9B6F5772992302A000A9A43 /* Extension.swift in Sources */,
				A9CAD51A299387A6006FD23C /* Peripheral_Controller.swift in Sources */,
				A9CAD51829935EB4006FD23C /* Utilites.swift in Sources */,
				A9CAD51E299393BC006FD23C /* SensorStatusInfo.swift in Sources */,
				A9B6F55F29922EAA000A9A43 /* ViewController.swift in Sources */,
				A9CAD51C2993937A006FD23C /* BleInfo.swift in Sources */,
				A9B6F57929923519000A9A43 /* BluetoothSerial.swift in Sources */,
				A9CAD5162993517E006FD23C /* FirstviewController.swift in Sources */,
				A9AD2D40299CB8E000E12142 /* FetchSenSingDataController.swift in Sources */,
				A9B6F55B29922EAA000A9A43 /* AppDelegate.swift in Sources */,
				A9B6F55D29922EAA000A9A43 /* SceneDelegate.swift in Sources */,
				A9B6F57C2992384A000A9A43 /* ScanTableViewCell.swift in Sources */,
				A9CAD520299395F1006FD23C /* Configure.swift in Sources */,
				A9B6F57529922F80000A9A43 /* ScanSensorViewController.swift in Sources */,
			);
			runOnlyForDeploymentPostprocessing = 0;
		};
/* End PBXSourcesBuildPhase section */

/* Begin PBXVariantGroup section */
		A9B6F56029922EAA000A9A43 /* Main.storyboard */ = {
			isa = PBXVariantGroup;
			children = (
				A9B6F56129922EAA000A9A43 /* Base */,
			);
			name = Main.storyboard;
			sourceTree = "<group>";
		};
		A9B6F56529922EAC000A9A43 /* LaunchScreen.storyboard */ = {
			isa = PBXVariantGroup;
			children = (
				A9B6F56629922EAC000A9A43 /* Base */,
			);
			name = LaunchScreen.storyboard;
			sourceTree = "<group>";
		};
/* End PBXVariantGroup section */

/* Begin XCBuildConfiguration section */
		A9B6F56929922EAC000A9A43 /* Debug */ = {
			isa = XCBuildConfiguration;
			buildSettings = {
				ALWAYS_SEARCH_USER_PATHS = NO;
				CLANG_ANALYZER_NONNULL = YES;
				CLANG_ANALYZER_NUMBER_OBJECT_CONVERSION = YES_AGGRESSIVE;
				CLANG_CXX_LANGUAGE_STANDARD = "gnu++17";
				CLANG_ENABLE_MODULES = YES;
				CLANG_ENABLE_OBJC_ARC = YES;
				CLANG_ENABLE_OBJC_WEAK = YES;
				CLANG_WARN_BLOCK_CAPTURE_AUTORELEASING = YES;
				CLANG_WARN_BOOL_CONVERSION = YES;
				CLANG_WARN_COMMA = YES;
				CLANG_WARN_CONSTANT_CONVERSION = YES;
				CLANG_WARN_DEPRECATED_OBJC_IMPLEMENTATIONS = YES;
				CLANG_WARN_DIRECT_OBJC_ISA_USAGE = YES_ERROR;
				CLANG_WARN_DOCUMENTATION_COMMENTS = YES;
				CLANG_WARN_EMPTY_BODY = YES;
				CLANG_WARN_ENUM_CONVERSION = YES;
				CLANG_WARN_INFINITE_RECURSION = YES;
				CLANG_WARN_INT_CONVERSION = YES;
				CLANG_WARN_NON_LITERAL_NULL_CONVERSION = YES;
				CLANG_WARN_OBJC_IMPLICIT_RETAIN_SELF = YES;
				CLANG_WARN_OBJC_LITERAL_CONVERSION = YES;
				CLANG_WARN_OBJC_ROOT_CLASS = YES_ERROR;
				CLANG_WARN_QUOTED_INCLUDE_IN_FRAMEWORK_HEADER = YES;
				CLANG_WARN_RANGE_LOOP_ANALYSIS = YES;
				CLANG_WARN_STRICT_PROTOTYPES = YES;
				CLANG_WARN_SUSPICIOUS_MOVE = YES;
				CLANG_WARN_UNGUARDED_AVAILABILITY = YES_AGGRESSIVE;
				CLANG_WARN_UNREACHABLE_CODE = YES;
				CLANG_WARN__DUPLICATE_METHOD_MATCH = YES;
				COPY_PHASE_STRIP = NO;
				DEBUG_INFORMATION_FORMAT = dwarf;
				ENABLE_STRICT_OBJC_MSGSEND = YES;
				ENABLE_TESTABILITY = YES;
				GCC_C_LANGUAGE_STANDARD = gnu11;
				GCC_DYNAMIC_NO_PIC = NO;
				GCC_NO_COMMON_BLOCKS = YES;
				GCC_OPTIMIZATION_LEVEL = 0;
				GCC_PREPROCESSOR_DEFINITIONS = (
					"DEBUG=1",
					"$(inherited)",
				);
				GCC_WARN_64_TO_32_BIT_CONVERSION = YES;
				GCC_WARN_ABOUT_RETURN_TYPE = YES_ERROR;
				GCC_WARN_UNDECLARED_SELECTOR = YES;
				GCC_WARN_UNINITIALIZED_AUTOS = YES_AGGRESSIVE;
				GCC_WARN_UNUSED_FUNCTION = YES;
				GCC_WARN_UNUSED_VARIABLE = YES;
				IPHONEOS_DEPLOYMENT_TARGET = 15.5;
				MTL_ENABLE_DEBUG_INFO = INCLUDE_SOURCE;
				MTL_FAST_MATH = YES;
				ONLY_ACTIVE_ARCH = YES;
				SDKROOT = iphoneos;
				SWIFT_ACTIVE_COMPILATION_CONDITIONS = DEBUG;
				SWIFT_OPTIMIZATION_LEVEL = "-Onone";
			};
			name = Debug;
		};
		A9B6F56A29922EAC000A9A43 /* Release */ = {
			isa = XCBuildConfiguration;
			buildSettings = {
				ALWAYS_SEARCH_USER_PATHS = NO;
				CLANG_ANALYZER_NONNULL = YES;
				CLANG_ANALYZER_NUMBER_OBJECT_CONVERSION = YES_AGGRESSIVE;
				CLANG_CXX_LANGUAGE_STANDARD = "gnu++17";
				CLANG_ENABLE_MODULES = YES;
				CLANG_ENABLE_OBJC_ARC = YES;
				CLANG_ENABLE_OBJC_WEAK = YES;
				CLANG_WARN_BLOCK_CAPTURE_AUTORELEASING = YES;
				CLANG_WARN_BOOL_CONVERSION = YES;
				CLANG_WARN_COMMA = YES;
				CLANG_WARN_CONSTANT_CONVERSION = YES;
				CLANG_WARN_DEPRECATED_OBJC_IMPLEMENTATIONS = YES;
				CLANG_WARN_DIRECT_OBJC_ISA_USAGE = YES_ERROR;
				CLANG_WARN_DOCUMENTATION_COMMENTS = YES;
				CLANG_WARN_EMPTY_BODY = YES;
				CLANG_WARN_ENUM_CONVERSION = YES;
				CLANG_WARN_INFINITE_RECURSION = YES;
				CLANG_WARN_INT_CONVERSION = YES;
				CLANG_WARN_NON_LITERAL_NULL_CONVERSION = YES;
				CLANG_WARN_OBJC_IMPLICIT_RETAIN_SELF = YES;
				CLANG_WARN_OBJC_LITERAL_CONVERSION = YES;
				CLANG_WARN_OBJC_ROOT_CLASS = YES_ERROR;
				CLANG_WARN_QUOTED_INCLUDE_IN_FRAMEWORK_HEADER = YES;
				CLANG_WARN_RANGE_LOOP_ANALYSIS = YES;
				CLANG_WARN_STRICT_PROTOTYPES = YES;
				CLANG_WARN_SUSPICIOUS_MOVE = YES;
				CLANG_WARN_UNGUARDED_AVAILABILITY = YES_AGGRESSIVE;
				CLANG_WARN_UNREACHABLE_CODE = YES;
				CLANG_WARN__DUPLICATE_METHOD_MATCH = YES;
				COPY_PHASE_STRIP = NO;
				DEBUG_INFORMATION_FORMAT = "dwarf-with-dsym";
				ENABLE_NS_ASSERTIONS = NO;
				ENABLE_STRICT_OBJC_MSGSEND = YES;
				GCC_C_LANGUAGE_STANDARD = gnu11;
				GCC_NO_COMMON_BLOCKS = YES;
				GCC_WARN_64_TO_32_BIT_CONVERSION = YES;
				GCC_WARN_ABOUT_RETURN_TYPE = YES_ERROR;
				GCC_WARN_UNDECLARED_SELECTOR = YES;
				GCC_WARN_UNINITIALIZED_AUTOS = YES_AGGRESSIVE;
				GCC_WARN_UNUSED_FUNCTION = YES;
				GCC_WARN_UNUSED_VARIABLE = YES;
				IPHONEOS_DEPLOYMENT_TARGET = 15.5;
				MTL_ENABLE_DEBUG_INFO = NO;
				MTL_FAST_MATH = YES;
				SDKROOT = iphoneos;
				SWIFT_COMPILATION_MODE = wholemodule;
				SWIFT_OPTIMIZATION_LEVEL = "-O";
				VALIDATE_PRODUCT = YES;
			};
			name = Release;
		};
		A9B6F56C29922EAC000A9A43 /* Debug */ = {
			isa = XCBuildConfiguration;
			buildSettings = {
				ASSETCATALOG_COMPILER_APPICON_NAME = AppIcon;
				ASSETCATALOG_COMPILER_GLOBAL_ACCENT_COLOR_NAME = AccentColor;
				CODE_SIGN_STYLE = Automatic;
				CURRENT_PROJECT_VERSION = 1;
				DEVELOPMENT_TEAM = URTJJ24R4X;
				GENERATE_INFOPLIST_FILE = YES;
				INFOPLIST_FILE = AccelerationUsingBLE/Info.plist;
				INFOPLIST_KEY_UIApplicationSupportsIndirectInputEvents = YES;
				INFOPLIST_KEY_UILaunchStoryboardName = LaunchScreen;
				INFOPLIST_KEY_UIMainStoryboardFile = Main;
				INFOPLIST_KEY_UISupportedInterfaceOrientations_iPad = "UIInterfaceOrientationPortrait UIInterfaceOrientationPortraitUpsideDown UIInterfaceOrientationLandscapeLeft UIInterfaceOrientationLandscapeRight";
				INFOPLIST_KEY_UISupportedInterfaceOrientations_iPhone = "UIInterfaceOrientationPortrait UIInterfaceOrientationLandscapeLeft UIInterfaceOrientationLandscapeRight";
				LD_RUNPATH_SEARCH_PATHS = (
					"$(inherited)",
					"@executable_path/Frameworks",
				);
				MARKETING_VERSION = 1.0;
				PRODUCT_BUNDLE_IDENTIFIER = com.ethan.AccelerationUsingBLE;
				PRODUCT_NAME = "$(TARGET_NAME)";
				SWIFT_EMIT_LOC_STRINGS = YES;
				SWIFT_VERSION = 5.0;
				TARGETED_DEVICE_FAMILY = "1,2";
			};
			name = Debug;
		};
		A9B6F56D29922EAC000A9A43 /* Release */ = {
			isa = XCBuildConfiguration;
			buildSettings = {
				ASSETCATALOG_COMPILER_APPICON_NAME = AppIcon;
				ASSETCATALOG_COMPILER_GLOBAL_ACCENT_COLOR_NAME = AccentColor;
				CODE_SIGN_STYLE = Automatic;
				CURRENT_PROJECT_VERSION = 1;
				DEVELOPMENT_TEAM = URTJJ24R4X;
				GENERATE_INFOPLIST_FILE = YES;
				INFOPLIST_FILE = AccelerationUsingBLE/Info.plist;
				INFOPLIST_KEY_UIApplicationSupportsIndirectInputEvents = YES;
				INFOPLIST_KEY_UILaunchStoryboardName = LaunchScreen;
				INFOPLIST_KEY_UIMainStoryboardFile = Main;
				INFOPLIST_KEY_UISupportedInterfaceOrientations_iPad = "UIInterfaceOrientationPortrait UIInterfaceOrientationPortraitUpsideDown UIInterfaceOrientationLandscapeLeft UIInterfaceOrientationLandscapeRight";
				INFOPLIST_KEY_UISupportedInterfaceOrientations_iPhone = "UIInterfaceOrientationPortrait UIInterfaceOrientationLandscapeLeft UIInterfaceOrientationLandscapeRight";
				LD_RUNPATH_SEARCH_PATHS = (
					"$(inherited)",
					"@executable_path/Frameworks",
				);
				MARKETING_VERSION = 1.0;
				PRODUCT_BUNDLE_IDENTIFIER = com.ethan.AccelerationUsingBLE;
				PRODUCT_NAME = "$(TARGET_NAME)";
				SWIFT_EMIT_LOC_STRINGS = YES;
				SWIFT_VERSION = 5.0;
				TARGETED_DEVICE_FAMILY = "1,2";
			};
			name = Release;
		};
/* End XCBuildConfiguration section */

/* Begin XCConfigurationList section */
		A9B6F55229922EAA000A9A43 /* Build configuration list for PBXProject "AccelerationUsingBLE" */ = {
			isa = XCConfigurationList;
			buildConfigurations = (
				A9B6F56929922EAC000A9A43 /* Debug */,
				A9B6F56A29922EAC000A9A43 /* Release */,
			);
			defaultConfigurationIsVisible = 0;
			defaultConfigurationName = Release;
		};
		A9B6F56B29922EAC000A9A43 /* Build configuration list for PBXNativeTarget "AccelerationUsingBLE" */ = {
			isa = XCConfigurationList;
			buildConfigurations = (
				A9B6F56C29922EAC000A9A43 /* Debug */,
				A9B6F56D29922EAC000A9A43 /* Release */,
			);
			defaultConfigurationIsVisible = 0;
			defaultConfigurationName = Release;
		};
/* End XCConfigurationList section */
	};
	rootObject = A9B6F54F29922EAA000A9A43 /* Project object */;
}
